
Microsoft Visual Studio Solution File, Format Version 12.00
# Visual Studio Version 17
VisualStudioVersion = 17.2.32516.85
MinimumVisualStudioVersion = 10.0.40219.1
Project("{FAE04EC0-301F-11D3-BF4B-00C04F79EFBC}") = "ListaTarefas", "ListaTarefas\ListaTarefas.csproj", "{15843A2D-2FFE-4BB5-8E47-57FEC1478843}"
EndProject
Global
	GlobalSection(SolutionConfigurationPlatforms) = preSolution
		Debug|Any CPU = Debug|Any CPU
		Release|Any CPU = Release|Any CPU
	EndGlobalSection
	GlobalSection(ProjectConfigurationPlatforms) = postSolution
		{15843A2D-2FFE-4BB5-8E47-57FEC1478843}.Debug|Any CPU.ActiveCfg = Debug|Any CPU
		{15843A2D-2FFE-4BB5-8E47-57FEC1478843}.Debug|Any CPU.Build.0 = Debug|Any CPU
		{15843A2D-2FFE-4BB5-8E47-57FEC1478843}.Release|Any CPU.ActiveCfg = Release|Any CPU
		{15843A2D-2FFE-4BB5-8E47-57FEC1478843}.Release|Any CPU.Build.0 = Release|Any CPU
	EndGlobalSection
	GlobalSection(SolutionProperties) = preSolution
		HideSolutionNode = FALSE
	EndGlobalSection
	GlobalSection(ExtensibilityGlobals) = postSolution
		SolutionGuid = {3E4831C7-234A-4208-A54B-B3413B0D2723}
	EndGlobalSection
EndGlobal
